
Microsoft Visual Studio Solution File, Format Version 12.00
# Visual Studio Version 16
VisualStudioVersion = 16.0.29201.188
MinimumVisualStudioVersion = 10.0.40219.1
Project("{FAE04EC0-301F-11D3-BF4B-00C04F79EFBC}") = "App1.UWP", "App1.UWP\App1.UWP.csproj", "{2D6C94E3-3E5A-406C-8383-F0C914F2050E}"
EndProject
Project("{FAE04EC0-301F-11D3-BF4B-00C04F79EFBC}") = "App1.Android", "App1.Android\App1.Android.csproj", "{A119DF94-9D32-4CDA-A68E-10D4172729C1}"
EndProject
Project("{FAE04EC0-301F-11D3-BF4B-00C04F79EFBC}") = "App1.iOS", "App1.iOS\App1.iOS.csproj", "{2052499D-C0F7-4F38-A4E3-774461A37DFB}"
EndProject
Project("{FAE04EC0-301F-11D3-BF4B-00C04F79EFBC}") = "App1", "App1\App1.csproj", "{1FB94834-D7FF-40F0-B296-1582ED5BCAC3}"
EndProject
Global
	GlobalSection(SolutionConfigurationPlatforms) = preSolution
		Debug|Any CPU = Debug|Any CPU
		Debug|ARM = Debug|ARM
		Debug|iPhone = Debug|iPhone
		Debug|iPhoneSimulator = Debug|iPhoneSimulator
		Debug|x64 = Debug|x64
		Debug|x86 = Debug|x86
		Release|Any CPU = Release|Any CPU
		Release|ARM = Release|ARM
		Release|iPhone = Release|iPhone
		Release|iPhoneSimulator = Release|iPhoneSimulator
		Release|x64 = Release|x64
		Release|x86 = Release|x86
	EndGlobalSection
	GlobalSection(ProjectConfigurationPlatforms) = postSolution
		{2D6C94E3-3E5A-406C-8383-F0C914F2050E}.Debug|Any CPU.ActiveCfg = Debug|x86
		{2D6C94E3-3E5A-406C-8383-F0C914F2050E}.Debug|Any CPU.Build.0 = Debug|x86
		{2D6C94E3-3E5A-406C-8383-F0C914F2050E}.Debug|Any CPU.Deploy.0 = Debug|x86
		{2D6C94E3-3E5A-406C-8383-F0C914F2050E}.Debug|ARM.ActiveCfg = Debug|ARM
		{2D6C94E3-3E5A-406C-8383-F0C914F2050E}.Debug|ARM.Build.0 = Debug|ARM
		{2D6C94E3-3E5A-406C-8383-F0C914F2050E}.Debug|ARM.Deploy.0 = Debug|ARM
		{2D6C94E3-3E5A-406C-8383-F0C914F2050E}.Debug|iPhone.ActiveCfg = Debug|x86
		{2D6C94E3-3E5A-406C-8383-F0C914F2050E}.Debug|iPhone.Build.0 = Debug|x86
		{2D6C94E3-3E5A-406C-8383-F0C914F2050E}.Debug|iPhone.Deploy.0 = Debug|x86
		{2D6C94E3-3E5A-406C-8383-F0C914F2050E}.Debug|iPhoneSimulator.ActiveCfg = Debug|x86
		{2D6C94E3-3E5A-406C-8383-F0C914F2050E}.Debug|iPhoneSimulator.Build.0 = Debug|x86
		{2D6C94E3-3E5A-406C-8383-F0C914F2050E}.Debug|iPhoneSimulator.Deploy.0 = Debug|x86
		{2D6C94E3-3E5A-406C-8383-F0C914F2050E}.Debug|x64.ActiveCfg = Debug|x64
		{2D6C94E3-3E5A-406C-8383-F0C914F2050E}.Debug|x64.Build.0 = Debug|x64
		{2D6C94E3-3E5A-406C-8383-F0C914F2050E}.Debug|x64.Deploy.0 = Debug|x64
		{2D6C94E3-3E5A-406C-8383-F0C914F2050E}.Debug|x86.ActiveCfg = Debug|x86
		{2D6C94E3-3E5A-406C-8383-F0C914F2050E}.Debug|x86.Build.0 = Debug|x86
		{2D6C94E3-3E5A-406C-8383-F0C914F2050E}.Debug|x86.Deploy.0 = Debug|x86
		{2D6C94E3-3E5A-406C-8383-F0C914F2050E}.Release|Any CPU.ActiveCfg = Release|x86
		{2D6C94E3-3E5A-406C-8383-F0C914F2050E}.Release|Any CPU.Build.0 = Release|x86
		{2D6C94E3-3E5A-406C-8383-F0C914F2050E}.Release|Any CPU.Deploy.0 = Release|x86
		{2D6C94E3-3E5A-406C-8383-F0C914F2050E}.Release|ARM.ActiveCfg = Release|ARM
		{2D6C94E3-3E5A-406C-8383-F0C914F2050E}.Release|ARM.Build.0 = Release|ARM
		{2D6C94E3-3E5A-406C-8383-F0C914F2050E}.Release|ARM.Deploy.0 = Release|ARM
		{2D6C94E3-3E5A-406C-8383-F0C914F2050E}.Release|iPhone.ActiveCfg = Release|x86
		{2D6C94E3-3E5A-406C-8383-F0C914F2050E}.Release|iPhone.Build.0 = Release|x86
		{2D6C94E3-3E5A-406C-8383-F0C914F2050E}.Release|iPhone.Deploy.0 = Release|x86
		{2D6C94E3-3E5A-406C-8383-F0C914F2050E}.Release|iPhoneSimulator.ActiveCfg = Release|x86
		{2D6C94E3-3E5A-406C-8383-F0C914F2050E}.Release|iPhoneSimulator.Build.0 = Release|x86
		{2D6C94E3-3E5A-406C-8383-F0C914F2050E}.Release|iPhoneSimulator.Deploy.0 = Release|x86
		{2D6C94E3-3E5A-406C-8383-F0C914F2050E}.Release|x64.ActiveCfg = Release|x64
		{2D6C94E3-3E5A-406C-8383-F0C914F2050E}.Release|x64.Build.0 = Release|x64
		{2D6C94E3-3E5A-406C-8383-F0C914F2050E}.Release|x64.Deploy.0 = Release|x64
		{2D6C94E3-3E5A-406C-8383-F0C914F2050E}.Release|x86.ActiveCfg = Release|x86
		{2D6C94E3-3E5A-406C-8383-F0C914F2050E}.Release|x86.Build.0 = Release|x86
		{2D6C94E3-3E5A-406C-8383-F0C914F2050E}.Release|x86.Deploy.0 = Release|x86
		{A119DF94-9D32-4CDA-A68E-10D4172729C1}.Debug|Any CPU.ActiveCfg = Debug|Any CPU
		{A119DF94-9D32-4CDA-A68E-10D4172729C1}.Debug|Any CPU.Build.0 = Debug|Any CPU
		{A119DF94-9D32-4CDA-A68E-10D4172729C1}.Debug|Any CPU.Deploy.0 = Debug|Any CPU
		{A119DF94-9D32-4CDA-A68E-10D4172729C1}.Debug|ARM.ActiveCfg = Debug|Any CPU
		{A119DF94-9D32-4CDA-A68E-10D4172729C1}.Debug|ARM.Build.0 = Debug|Any CPU
		{A119DF94-9D32-4CDA-A68E-10D4172729C1}.Debug|ARM.Deploy.0 = Debug|Any CPU
		{A119DF94-9D32-4CDA-A68E-10D4172729C1}.Debug|iPhone.ActiveCfg = Debug|Any CPU
		{A119DF94-9D32-4CDA-A68E-10D4172729C1}.Debug|iPhone.Build.0 = Debug|Any CPU
		{A119DF94-9D32-4CDA-A68E-10D4172729C1}.Debug|iPhone.Deploy.0 = Debug|Any CPU
		{A119DF94-9D32-4CDA-A68E-10D4172729C1}.Debug|iPhoneSimulator.ActiveCfg = Debug|Any CPU
		{A119DF94-9D32-4CDA-A68E-10D4172729C1}.Debug|iPhoneSimulator.Build.0 = Debug|Any CPU
		{A119DF94-9D32-4CDA-A68E-10D4172729C1}.Debug|iPhoneSimulator.Deploy.0 = Debug|Any CPU
		{A119DF94-9D32-4CDA-A68E-10D4172729C1}.Debug|x64.ActiveCfg = Debug|Any CPU
		{A119DF94-9D32-4CDA-A68E-10D4172729C1}.Debug|x64.Build.0 = Debug|Any CPU
		{A119DF94-9D32-4CDA-A68E-10D4172729C1}.Debug|x64.Deploy.0 = Debug|Any CPU
		{A119DF94-9D32-4CDA-A68E-10D4172729C1}.Debug|x86.ActiveCfg = Debug|Any CPU
		{A119DF94-9D32-4CDA-A68E-10D4172729C1}.Debug|x86.Build.0 = Debug|Any CPU
		{A119DF94-9D32-4CDA-A68E-10D4172729C1}.Debug|x86.Deploy.0 = Debug|Any CPU
		{A119DF94-9D32-4CDA-A68E-10D4172729C1}.Release|Any CPU.ActiveCfg = Release|Any CPU
		{A119DF94-9D32-4CDA-A68E-10D4172729C1}.Release|Any CPU.Build.0 = Release|Any CPU
		{A119DF94-9D32-4CDA-A68E-10D4172729C1}.Release|Any CPU.Deploy.0 = Release|Any CPU
		{A119DF94-9D32-4CDA-A68E-10D4172729C1}.Release|ARM.ActiveCfg = Release|Any CPU
		{A119DF94-9D32-4CDA-A68E-10D4172729C1}.Release|ARM.Build.0 = Release|Any CPU
		{A119DF94-9D32-4CDA-A68E-10D4172729C1}.Release|ARM.Deploy.0 = Release|Any CPU
		{A119DF94-9D32-4CDA-A68E-10D4172729C1}.Release|iPhone.ActiveCfg = Release|Any CPU
		{A119DF94-9D32-4CDA-A68E-10D4172729C1}.Release|iPhone.Build.0 = Release|Any CPU
		{A119DF94-9D32-4CDA-A68E-10D4172729C1}.Release|iPhone.Deploy.0 = Release|Any CPU
		{A119DF94-9D32-4CDA-A68E-10D4172729C1}.Release|iPhoneSimulator.ActiveCfg = Release|Any CPU
		{A119DF94-9D32-4CDA-A68E-10D4172729C1}.Release|iPhoneSimulator.Build.0 = Release|Any CPU
		{A119DF94-9D32-4CDA-A68E-10D4172729C1}.Release|iPhoneSimulator.Deploy.0 = Release|Any CPU
		{A119DF94-9D32-4CDA-A68E-10D4172729C1}.Release|x64.ActiveCfg = Release|Any CPU
		{A119DF94-9D32-4CDA-A68E-10D4172729C1}.Release|x64.Build.0 = Release|Any CPU
		{A119DF94-9D32-4CDA-A68E-10D4172729C1}.Release|x64.Deploy.0 = Release|Any CPU
		{A119DF94-9D32-4CDA-A68E-10D4172729C1}.Release|x86.ActiveCfg = Release|Any CPU
		{A119DF94-9D32-4CDA-A68E-10D4172729C1}.Release|x86.Build.0 = Release|Any CPU
		{A119DF94-9D32-4CDA-A68E-10D4172729C1}.Release|x86.Deploy.0 = Release|Any CPU
		{2052499D-C0F7-4F38-A4E3-774461A37DFB}.Debug|Any CPU.ActiveCfg = Debug|iPhone
		{2052499D-C0F7-4F38-A4E3-774461A37DFB}.Debug|Any CPU.Build.0 = Debug|iPhone
		{2052499D-C0F7-4F38-A4E3-774461A37DFB}.Debug|Any CPU.Deploy.0 = Debug|iPhone
		{2052499D-C0F7-4F38-A4E3-774461A37DFB}.Debug|ARM.ActiveCfg = Debug|iPhoneSimulator
		{2052499D-C0F7-4F38-A4E3-774461A37DFB}.Debug|ARM.Build.0 = Debug|iPhoneSimulator
		{2052499D-C0F7-4F38-A4E3-774461A37DFB}.Debug|ARM.Deploy.0 = Debug|iPhoneSimulator
		{2052499D-C0F7-4F38-A4E3-774461A37DFB}.Debug|iPhone.ActiveCfg = Debug|iPhone
		{2052499D-C0F7-4F38-A4E3-774461A37DFB}.Debug|iPhone.Build.0 = Debug|iPhone
		{2052499D-C0F7-4F38-A4E3-774461A37DFB}.Debug|iPhone.Deploy.0 = Debug|iPhone
		{2052499D-C0F7-4F38-A4E3-774461A37DFB}.Debug|iPhoneSimulator.ActiveCfg = Debug|iPhoneSimulator
		{2052499D-C0F7-4F38-A4E3-774461A37DFB}.Debug|iPhoneSimulator.Build.0 = Debug|iPhoneSimulator
		{2052499D-C0F7-4F38-A4E3-774461A37DFB}.Debug|iPhoneSimulator.Deploy.0 = Debug|iPhoneSimulator
		{2052499D-C0F7-4F38-A4E3-774461A37DFB}.Debug|x64.ActiveCfg = Debug|iPhone
		{2052499D-C0F7-4F38-A4E3-774461A37DFB}.Debug|x64.Build.0 = Debug|iPhone
		{2052499D-C0F7-4F38-A4E3-774461A37DFB}.Debug|x64.Deploy.0 = Debug|iPhone
		{2052499D-C0F7-4F38-A4E3-774461A37DFB}.Debug|x86.ActiveCfg = Debug|iPhone
		{2052499D-C0F7-4F38-A4E3-774461A37DFB}.Debug|x86.Build.0 = Debug|iPhone
		{2052499D-C0F7-4F38-A4E3-774461A37DFB}.Debug|x86.Deploy.0 = Debug|iPhone
		{2052499D-C0F7-4F38-A4E3-774461A37DFB}.Release|Any CPU.ActiveCfg = Release|iPhone
		{2052499D-C0F7-4F38-A4E3-774461A37DFB}.Release|Any CPU.Build.0 = Release|iPhone
		{2052499D-C0F7-4F38-A4E3-774461A37DFB}.Release|Any CPU.Deploy.0 = Release|iPhone
		{2052499D-C0F7-4F38-A4E3-774461A37DFB}.Release|ARM.ActiveCfg = Release|iPhone
		{2052499D-C0F7-4F38-A4E3-774461A37DFB}.Release|ARM.Build.0 = Release|iPhone
		{2052499D-C0F7-4F38-A4E3-774461A37DFB}.Release|ARM.Deploy.0 = Release|iPhone
		{2052499D-C0F7-4F38-A4E3-774461A37DFB}.Release|iPhone.ActiveCfg = Release|iPhone
		{2052499D-C0F7-4F38-A4E3-774461A37DFB}.Release|iPhone.Build.0 = Release|iPhone
		{2052499D-C0F7-4F38-A4E3-774461A37DFB}.Release|iPhone.Deploy.0 = Release|iPhone
		{2052499D-C0F7-4F38-A4E3-774461A37DFB}.Release|iPhoneSimulator.ActiveCfg = Release|iPhoneSimulator
		{2052499D-C0F7-4F38-A4E3-774461A37DFB}.Release|iPhoneSimulator.Build.0 = Release|iPhoneSimulator
		{2052499D-C0F7-4F38-A4E3-774461A37DFB}.Release|iPhoneSimulator.Deploy.0 = Release|iPhoneSimulator
		{2052499D-C0F7-4F38-A4E3-774461A37DFB}.Release|x64.ActiveCfg = Release|iPhone
		{2052499D-C0F7-4F38-A4E3-774461A37DFB}.Release|x64.Build.0 = Release|iPhone
		{2052499D-C0F7-4F38-A4E3-774461A37DFB}.Release|x64.Deploy.0 = Release|iPhone
		{2052499D-C0F7-4F38-A4E3-774461A37DFB}.Release|x86.ActiveCfg = Release|iPhone
		{2052499D-C0F7-4F38-A4E3-774461A37DFB}.Release|x86.Build.0 = Release|iPhone
		{2052499D-C0F7-4F38-A4E3-774461A37DFB}.Release|x86.Deploy.0 = Release|iPhone
		{1FB94834-D7FF-40F0-B296-1582ED5BCAC3}.Debug|Any CPU.ActiveCfg = Debug|Any CPU
		{1FB94834-D7FF-40F0-B296-1582ED5BCAC3}.Debug|Any CPU.Build.0 = Debug|Any CPU
		{1FB94834-D7FF-40F0-B296-1582ED5BCAC3}.Debug|Any CPU.Deploy.0 = Debug|Any CPU
		{1FB94834-D7FF-40F0-B296-1582ED5BCAC3}.Debug|ARM.ActiveCfg = Debug|Any CPU
		{1FB94834-D7FF-40F0-B296-1582ED5BCAC3}.Debug|ARM.Build.0 = Debug|Any CPU
		{1FB94834-D7FF-40F0-B296-1582ED5BCAC3}.Debug|ARM.Deploy.0 = Debug|Any CPU
		{1FB94834-D7FF-40F0-B296-1582ED5BCAC3}.Debug|iPhone.ActiveCfg = Debug|Any CPU
		{1FB94834-D7FF-40F0-B296-1582ED5BCAC3}.Debug|iPhone.Build.0 = Debug|Any CPU
		{1FB94834-D7FF-40F0-B296-1582ED5BCAC3}.Debug|iPhone.Deploy.0 = Debug|Any CPU
		{1FB94834-D7FF-40F0-B296-1582ED5BCAC3}.Debug|iPhoneSimulator.ActiveCfg = Debug|Any CPU
		{1FB94834-D7FF-40F0-B296-1582ED5BCAC3}.Debug|iPhoneSimulator.Build.0 = Debug|Any CPU
		{1FB94834-D7FF-40F0-B296-1582ED5BCAC3}.Debug|iPhoneSimulator.Deploy.0 = Debug|Any CPU
		{1FB94834-D7FF-40F0-B296-1582ED5BCAC3}.Debug|x64.ActiveCfg = Debug|Any CPU
		{1FB94834-D7FF-40F0-B296-1582ED5BCAC3}.Debug|x64.Build.0 = Debug|Any CPU
		{1FB94834-D7FF-40F0-B296-1582ED5BCAC3}.Debug|x64.Deploy.0 = Debug|Any CPU
		{1FB94834-D7FF-40F0-B296-1582ED5BCAC3}.Debug|x86.ActiveCfg = Debug|Any CPU
		{1FB94834-D7FF-40F0-B296-1582ED5BCAC3}.Debug|x86.Build.0 = Debug|Any CPU
		{1FB94834-D7FF-40F0-B296-1582ED5BCAC3}.Debug|x86.Deploy.0 = Debug|Any CPU
		{1FB94834-D7FF-40F0-B296-1582ED5BCAC3}.Release|Any CPU.ActiveCfg = Release|Any CPU
		{1FB94834-D7FF-40F0-B296-1582ED5BCAC3}.Release|Any CPU.Build.0 = Release|Any CPU
		{1FB94834-D7FF-40F0-B296-1582ED5BCAC3}.Release|Any CPU.Deploy.0 = Release|Any CPU
		{1FB94834-D7FF-40F0-B296-1582ED5BCAC3}.Release|ARM.ActiveCfg = Release|Any CPU
		{1FB94834-D7FF-40F0-B296-1582ED5BCAC3}.Release|ARM.Build.0 = Release|Any CPU
		{1FB94834-D7FF-40F0-B296-1582ED5BCAC3}.Release|ARM.Deploy.0 = Release|Any CPU
		{1FB94834-D7FF-40F0-B296-1582ED5BCAC3}.Release|iPhone.ActiveCfg = Release|Any CPU
		{1FB94834-D7FF-40F0-B296-1582ED5BCAC3}.Release|iPhone.Build.0 = Release|Any CPU
		{1FB94834-D7FF-40F0-B296-1582ED5BCAC3}.Release|iPhone.Deploy.0 = Release|Any CPU
		{1FB94834-D7FF-40F0-B296-1582ED5BCAC3}.Release|iPhoneSimulator.ActiveCfg = Release|Any CPU
		{1FB94834-D7FF-40F0-B296-1582ED5BCAC3}.Release|iPhoneSimulator.Build.0 = Release|Any CPU
		{1FB94834-D7FF-40F0-B296-1582ED5BCAC3}.Release|iPhoneSimulator.Deploy.0 = Release|Any CPU
		{1FB94834-D7FF-40F0-B296-1582ED5BCAC3}.Release|x64.ActiveCfg = Release|Any CPU
		{1FB94834-D7FF-40F0-B296-1582ED5BCAC3}.Release|x64.Build.0 = Release|Any CPU
		{1FB94834-D7FF-40F0-B296-1582ED5BCAC3}.Release|x64.Deploy.0 = Release|Any CPU
		{1FB94834-D7FF-40F0-B296-1582ED5BCAC3}.Release|x86.ActiveCfg = Release|Any CPU
		{1FB94834-D7FF-40F0-B296-1582ED5BCAC3}.Release|x86.Build.0 = Release|Any CPU
		{1FB94834-D7FF-40F0-B296-1582ED5BCAC3}.Release|x86.Deploy.0 = Release|Any CPU
	EndGlobalSection
	GlobalSection(SolutionProperties) = preSolution
		HideSolutionNode = FALSE
	EndGlobalSection
	GlobalSection(ExtensibilityGlobals) = postSolution
		SolutionGuid = {A2DA8857-DC6C-499A-AE8C-E7481D7E651B}
	EndGlobalSection
EndGlobal
